{
  "name": "@devextreme-generator/inferno-common",
  "version": "1.0.0",
  "lockfileVersion": 1,
  "requires": true,
  "dependencies": {
    "inferno": {
      "version": "7.4.8",
      "resolved": "https://registry.npmjs.org/inferno/-/inferno-7.4.8.tgz",
      "integrity": "sha512-4XwGe5Kd0QkSaM/jqAQWjM0GfDLv+KujcWm5zbIow80G1tOEnZurQqhyF8u6m/HX3SnrCi+njlVdtPKDJXQiDw==",
      "requires": {
        "inferno-shared": "7.4.8",
        "inferno-vnode-flags": "7.4.8",
        "opencollective-postinstall": "^2.0.3"
      }
    },
    "inferno-clone-vnode": {
      "version": "7.4.8",
      "resolved": "https://registry.npmjs.org/inferno-clone-vnode/-/inferno-clone-vnode-7.4.8.tgz",
      "integrity": "sha512-Un9Saio4TJ+1DFehPd7JuNDJV2Fy2aPhK5hD4zmG+JWLUIphi/nuhbwrlsCNmTTDmOsB7GrqyrXFvOUEKX4YpA==",
      "requires": {
        "inferno": "7.4.8"
      }
    },
    "inferno-compat": {
      "version": "7.4.8",
      "resolved": "https://registry.npmjs.org/inferno-compat/-/inferno-compat-7.4.8.tgz",
      "integrity": "sha512-3oDoqUzWOTXw8UXwbXGyJ1VInIX/KNIH4Qq88tygbDINzKLSxQaWZDWDfn/AJK52DeG64g3v8uU+XFpLr2lqzg==",
      "requires": {
        "inferno": "7.4.8",
        "inferno-clone-vnode": "7.4.8",
        "inferno-create-class": "7.4.8",
        "inferno-create-element": "7.4.8",
        "inferno-extras": "7.4.8"
      }
    },
    "inferno-create-class": {
      "version": "7.4.8",
      "resolved": "https://registry.npmjs.org/inferno-create-class/-/inferno-create-class-7.4.8.tgz",
      "integrity": "sha512-XY7LcSpfLTug+M/lz/F9XSmhmYjxhJ40xJtetIK1h81aaSvqqFAG3wuBCHqcIW0jlwPJRch8/gDxq6SB3gHCKQ==",
      "requires": {
        "inferno": "7.4.8"
      }
    },
    "inferno-create-element": {
      "version": "7.4.8",
      "resolved": "https://registry.npmjs.org/inferno-create-element/-/inferno-create-element-7.4.8.tgz",
      "integrity": "sha512-hCkA+RAiqoeWlmmCrb3VIUDV+4lEeLDCI98RcB4HqzAJwjH8dMR4ZeDQO3f9crygPnmSW7r1L0Ykjf0O2oHYFQ==",
      "requires": {
        "inferno": "7.4.8"
      }
    },
    "inferno-extras": {
      "version": "7.4.8",
      "resolved": "https://registry.npmjs.org/inferno-extras/-/inferno-extras-7.4.8.tgz",
      "integrity": "sha512-GEGnOECDfNLWa0g4uI35eDrknHgiXZzaB7GPucm/Gvb+QI7BMR+A9fhloqKT9DZ+9HX6C4z7gQirmUK74V1P3w==",
      "requires": {
        "inferno": "7.4.8"
      }
    },
    "inferno-hydrate": {
      "version": "7.4.8",
      "resolved": "https://registry.npmjs.org/inferno-hydrate/-/inferno-hydrate-7.4.8.tgz",
      "integrity": "sha512-7dBtyPt3BmN6e4erTgtf/BtZ97StA8QFlHYEZzV7JNcIcFHwKVwISLT0zE04ZHghPrhQS0ssRm8j6T7Fdevc1A==",
      "requires": {
        "inferno": "7.4.8"
      }
    },
    "inferno-shared": {
      "version": "7.4.8",
      "resolved": "https://registry.npmjs.org/inferno-shared/-/inferno-shared-7.4.8.tgz",
      "integrity": "sha512-I0jnqsBcQvGJ7hqZF3vEzspQ80evViCe8joP3snWkPXPElk9WBVGLBHX5tHwuFuXv6wW4zeVVA4kBRAs47B+NQ=="
    },
    "inferno-vnode-flags": {
      "version": "7.4.8",
      "resolved": "https://registry.npmjs.org/inferno-vnode-flags/-/inferno-vnode-flags-7.4.8.tgz",
      "integrity": "sha512-wOUeO7Aho8VH+s2V2K/53KwS0DtQFgT7TdzPE/s6P26ZIxQj+vt7oTJqzXn+xjRIjnfkTLm2eQ8qfInOWCu1rw=="
    },
    "opencollective-postinstall": {
      "version": "2.0.3",
      "resolved": "https://registry.npmjs.org/opencollective-postinstall/-/opencollective-postinstall-2.0.3.tgz",
      "integrity": "sha512-8AV/sCtuzUeTo8gQK5qDZzARrulB3egtLzFgteqB2tcT4Mw7B8Kt7JcDHmltjz6FOAHsvTevk70gZEbhM4ZS9Q=="
    },
    "typescript": {
      "version": "3.8.3",
      "resolved": "https://registry.npmjs.org/typescript/-/typescript-3.8.3.tgz",
      "integrity": "sha512-MYlEfn5VrLNsgudQTVJeNaQFUAI7DkhnOjdpAp4T+ku1TfQClewlbSuTVHiA+8skNBgaf02TL/kLOvig4y3G8w==",
      "dev": true
    }
  }
}
