{
	"name": "@devextreme-generator/angular",
	"version": "3.1.0-next",
	"lockfileVersion": 2,
	"requires": true,
	"packages": {
		"": {
			"name": "@devextreme-generator/angular",
			"version": "3.1.0-next",
			"license": "UNLICENSED",
			"devDependencies": {
				"typescript": "3.8"
			}
		},
		"../core-generator": {
			"name": "@devextreme-generator/core",
			"version": "3.1.0-next",
			"extraneous": true,
			"license": "UNLICENSED",
			"dependencies": {
				"typescript": "3.8"
			}
		},
		"node_modules/typescript": {
			"version": "3.8.3",
			"resolved": "https://registry.npmjs.org/typescript/-/typescript-3.8.3.tgz",
			"integrity": "sha512-MYlEfn5VrLNsgudQTVJeNaQFUAI7DkhnOjdpAp4T+ku1TfQClewlbSuTVHiA+8skNBgaf02TL/kLOvig4y3G8w==",
			"dev": true,
			"bin": {
				"tsc": "bin/tsc",
				"tsserver": "bin/tsserver"
			},
			"engines": {
				"node": ">=4.2.0"
			}
		}
	},
	"dependencies": {
		"typescript": {
			"version": "3.8.3",
			"resolved": "https://registry.npmjs.org/typescript/-/typescript-3.8.3.tgz",
			"integrity": "sha512-MYlEfn5VrLNsgudQTVJeNaQFUAI7DkhnOjdpAp4T+ku1TfQClewlbSuTVHiA+8skNBgaf02TL/kLOvig4y3G8w==",
			"dev": true
		}
	}
}
